# THIS IS AN AUTOGENERATED FILE. DO NOT EDIT THIS FILE DIRECTLY.
# yarn lockfile v1


"@esbuild/android-arm64@0.16.17":
  version "0.16.17"
  resolved "https://npm.iranrepo.ir/api/npm/npm-all/@esbuild/android-arm64/-/android-arm64-0.16.17.tgz#cf91e86df127aa3d141744edafcba0abdc577d23"
  integrity sha1-z5HobfEnqj0UF0Ttr8ugq9xXfSM=

"@esbuild/android-arm@0.16.17":
  version "0.16.17"
  resolved "https://npm.iranrepo.ir/api/npm/npm-all/@esbuild/android-arm/-/android-arm-0.16.17.tgz#025b6246d3f68b7bbaa97069144fb5fb70f2fff2"
  integrity sha1-AltiRtP2i3u6qXBpFE+1+3Dy//I=

"@esbuild/android-x64@0.16.17":
  version "0.16.17"
  resolved "https://npm.iranrepo.ir/api/npm/npm-all/@esbuild/android-x64/-/android-x64-0.16.17.tgz#c820e0fef982f99a85c4b8bfdd582835f04cd96e"
  integrity sha1-yCDg/vmC+ZqFxLi/3VgoNfBM2W4=

"@esbuild/darwin-arm64@0.16.17":
  version "0.16.17"
  resolved "https://npm.iranrepo.ir/api/npm/npm-all/@esbuild/darwin-arm64/-/darwin-arm64-0.16.17.tgz#edef4487af6b21afabba7be5132c26d22379b220"
  integrity sha1-7e9Eh69rIa+runvlEywm0iN5siA=

"@esbuild/darwin-x64@0.16.17":
  version "0.16.17"
  resolved "https://npm.iranrepo.ir/api/npm/npm-all/@esbuild/darwin-x64/-/darwin-x64-0.16.17.tgz#42829168730071c41ef0d028d8319eea0e2904b4"
  integrity sha1-QoKRaHMAccQe8NAo2DGe6g4pBLQ=

"@esbuild/freebsd-arm64@0.16.17":
  version "0.16.17"
  resolved "https://npm.iranrepo.ir/api/npm/npm-all/@esbuild/freebsd-arm64/-/freebsd-arm64-0.16.17.tgz#1f4af488bfc7e9ced04207034d398e793b570a27"
  integrity sha1-H0r0iL/H6c7QQgcDTTmOeTtXCic=

"@esbuild/freebsd-x64@0.16.17":
  version "0.16.17"
  resolved "https://npm.iranrepo.ir/api/npm/npm-all/@esbuild/freebsd-x64/-/freebsd-x64-0.16.17.tgz#636306f19e9bc981e06aa1d777302dad8fddaf72"
  integrity sha1-Y2MG8Z6byYHgaqHXdzAtrY/dr3I=

"@esbuild/linux-arm64@0.16.17":
  version "0.16.17"
  resolved "https://npm.iranrepo.ir/api/npm/npm-all/@esbuild/linux-arm64/-/linux-arm64-0.16.17.tgz#a003f7ff237c501e095d4f3a09e58fc7b25a4aca"
  integrity sha1-oAP3/yN8UB4JXU86CeWPx7JaSso=

"@esbuild/linux-arm@0.16.17":
  version "0.16.17"
  resolved "https://npm.iranrepo.ir/api/npm/npm-all/@esbuild/linux-arm/-/linux-arm-0.16.17.tgz#b591e6a59d9c4fe0eeadd4874b157ab78cf5f196"
  integrity sha1-tZHmpZ2cT+DurdSHSxV6t4z18ZY=

"@esbuild/linux-ia32@0.16.17":
  version "0.16.17"
  resolved "https://npm.iranrepo.ir/api/npm/npm-all/@esbuild/linux-ia32/-/linux-ia32-0.16.17.tgz#24333a11027ef46a18f57019450a5188918e2a54"
  integrity sha1-JDM6EQJ+9GoY9XAZRQpRiJGOKlQ=

"@esbuild/linux-loong64@0.16.17":
  version "0.16.17"
  resolved "https://npm.iranrepo.ir/api/npm/npm-all/@esbuild/linux-loong64/-/linux-loong64-0.16.17.tgz#d5ad459d41ed42bbd4d005256b31882ec52227d8"
  integrity sha1-1a1FnUHtQrvU0AUlazGILsUiJ9g=

"@esbuild/linux-mips64el@0.16.17":
  version "0.16.17"
  resolved "https://npm.iranrepo.ir/api/npm/npm-all/@esbuild/linux-mips64el/-/linux-mips64el-0.16.17.tgz#4e5967a665c38360b0a8205594377d4dcf9c3726"
  integrity sha1-TllnpmXDg2CwqCBVlDd9Tc+cNyY=

"@esbuild/linux-ppc64@0.16.17":
  version "0.16.17"
  resolved "https://npm.iranrepo.ir/api/npm/npm-all/@esbuild/linux-ppc64/-/linux-ppc64-0.16.17.tgz#206443a02eb568f9fdf0b438fbd47d26e735afc8"
  integrity sha1-IGRDoC61aPn98LQ4+9R9Juc1r8g=

"@esbuild/linux-riscv64@0.16.17":
  version "0.16.17"
  resolved "https://npm.iranrepo.ir/api/npm/npm-all/@esbuild/linux-riscv64/-/linux-riscv64-0.16.17.tgz#c351e433d009bf256e798ad048152c8d76da2fc9"
  integrity sha1-w1HkM9AJvyVueYrQSBUsjXbaL8k=

"@esbuild/linux-s390x@0.16.17":
  version "0.16.17"
  resolved "https://npm.iranrepo.ir/api/npm/npm-all/@esbuild/linux-s390x/-/linux-s390x-0.16.17.tgz#661f271e5d59615b84b6801d1c2123ad13d9bd87"
  integrity sha1-Zh8nHl1ZYVuEtoAdHCEjrRPZvYc=

"@esbuild/linux-x64@0.16.17":
  version "0.16.17"
  resolved "https://npm.iranrepo.ir/api/npm/npm-all/@esbuild/linux-x64/-/linux-x64-0.16.17.tgz#e4ba18e8b149a89c982351443a377c723762b85f"
  integrity sha1-5LoY6LFJqJyYI1FEOjd8cjdiuF8=

"@esbuild/netbsd-x64@0.16.17":
  version "0.16.17"
  resolved "https://npm.iranrepo.ir/api/npm/npm-all/@esbuild/netbsd-x64/-/netbsd-x64-0.16.17.tgz#7d4f4041e30c5c07dd24ffa295c73f06038ec775"
  integrity sha1-fU9AQeMMXAfdJP+ilcc/BgOOx3U=

"@esbuild/openbsd-x64@0.16.17":
  version "0.16.17"
  resolved "https://npm.iranrepo.ir/api/npm/npm-all/@esbuild/openbsd-x64/-/openbsd-x64-0.16.17.tgz#970fa7f8470681f3e6b1db0cc421a4af8060ec35"
  integrity sha1-lw+n+EcGgfPmsdsMxCGkr4Bg7DU=

"@esbuild/sunos-x64@0.16.17":
  version "0.16.17"
  resolved "https://npm.iranrepo.ir/api/npm/npm-all/@esbuild/sunos-x64/-/sunos-x64-0.16.17.tgz#abc60e7c4abf8b89fb7a4fe69a1484132238022c"
  integrity sha1-q8YOfEq/i4n7ek/mmhSEEyI4Aiw=

"@esbuild/win32-arm64@0.16.17":
  version "0.16.17"
  resolved "https://npm.iranrepo.ir/api/npm/npm-all/@esbuild/win32-arm64/-/win32-arm64-0.16.17.tgz#7b0ff9e8c3265537a7a7b1fd9a24e7bd39fcd87a"
  integrity sha1-ew/56MMmVTenp7H9miTnvTn82Ho=

"@esbuild/win32-ia32@0.16.17":
  version "0.16.17"
  resolved "https://npm.iranrepo.ir/api/npm/npm-all/@esbuild/win32-ia32/-/win32-ia32-0.16.17.tgz#e90fe5267d71a7b7567afdc403dfd198c292eb09"
  integrity sha1-6Q/lJn1xp7dWev3EA9/RmMKS6wk=

"@esbuild/win32-x64@0.16.17":
  version "0.16.17"
  resolved "https://npm.iranrepo.ir/api/npm/npm-all/@esbuild/win32-x64/-/win32-x64-0.16.17.tgz#c5a1a4bfe1b57f0c3e61b29883525c6da3e5c091"
  integrity sha1-xaGkv+G1fww+YbKYg1JcbaPlwJE=

"@swc/core-darwin-arm64@1.3.35":
  version "1.3.35"
  resolved "https://npm.iranrepo.ir/api/npm/npm-all/@swc/core-darwin-arm64/-/core-darwin-arm64-1.3.35.tgz#55ff0cc069769ce8bf6562ca0e724fe9c43deb8c"
  integrity sha1-Vf8MwGl2nOi/ZWLKDnJP6cQ964w=

"@swc/core-darwin-x64@1.3.35":
  version "1.3.35"
  resolved "https://npm.iranrepo.ir/api/npm/npm-all/@swc/core-darwin-x64/-/core-darwin-x64-1.3.35.tgz#270543a2aad6ddbc2d8e8d9a0b025bc08cef9a48"
  integrity sha1-JwVDoqrW3bwtjo2aCwJbwIzvmkg=

"@swc/core-linux-arm-gnueabihf@1.3.35":
  version "1.3.35"
  resolved "https://npm.iranrepo.ir/api/npm/npm-all/@swc/core-linux-arm-gnueabihf/-/core-linux-arm-gnueabihf-1.3.35.tgz#d2c81406202202962c09451ec58e37efacb15c38"
  integrity sha1-0sgUBiAiApYsCUUexY4376yxXDg=

"@swc/core-linux-arm64-gnu@1.3.35":
  version "1.3.35"
  resolved "https://npm.iranrepo.ir/api/npm/npm-all/@swc/core-linux-arm64-gnu/-/core-linux-arm64-gnu-1.3.35.tgz#f4670584fbe71525d919fa06db3ad778cee242e6"
  integrity sha1-9GcFhPvnFSXZGfoG2zrXeM7iQuY=

"@swc/core-linux-arm64-musl@1.3.35":
  version "1.3.35"
  resolved "https://npm.iranrepo.ir/api/npm/npm-all/@swc/core-linux-arm64-musl/-/core-linux-arm64-musl-1.3.35.tgz#fd116255cca2d8e098637e95f38ae08f95a47db6"
  integrity sha1-/RFiVcyi2OCYY36V84rgj5WkfbY=

"@swc/core-linux-x64-gnu@1.3.35":
  version "1.3.35"
  resolved "https://npm.iranrepo.ir/api/npm/npm-all/@swc/core-linux-x64-gnu/-/core-linux-x64-gnu-1.3.35.tgz#7a0fb187f1e9baa38d05273a7576c4eaf80a96b8"
  integrity sha1-eg+xh/HpuqONBSc6dXbE6vgKlrg=

"@swc/core-linux-x64-musl@1.3.35":
  version "1.3.35"
  resolved "https://npm.iranrepo.ir/api/npm/npm-all/@swc/core-linux-x64-musl/-/core-linux-x64-musl-1.3.35.tgz#ad2632b9ae0ea2bfd1461f121b324063c3d6755e"
  integrity sha1-rSYyua4Oor/RRh8SGzJAY8PWdV4=

"@swc/core-win32-arm64-msvc@1.3.35":
  version "1.3.35"
  resolved "https://npm.iranrepo.ir/api/npm/npm-all/@swc/core-win32-arm64-msvc/-/core-win32-arm64-msvc-1.3.35.tgz#5761d0f6efd9affa5571104f1a1951b8b530ec45"
  integrity sha1-V2HQ9u/Zr/pVcRBPGhlRuLUw7EU=

"@swc/core-win32-ia32-msvc@1.3.35":
  version "1.3.35"
  resolved "https://npm.iranrepo.ir/api/npm/npm-all/@swc/core-win32-ia32-msvc/-/core-win32-ia32-msvc-1.3.35.tgz#53ebcf1a6abb0e5152c17da3871d695dfdc07338"
  integrity sha1-U+vPGmq7DlFSwX2jhx1pXf3Aczg=

"@swc/core-win32-x64-msvc@1.3.35":
  version "1.3.35"
  resolved "https://npm.iranrepo.ir/api/npm/npm-all/@swc/core-win32-x64-msvc/-/core-win32-x64-msvc-1.3.35.tgz#186170a7f33d1a08ce00800baf293e6d114659a9"
  integrity sha1-GGFwp/M9GgjOAIALryk+bRFGWak=

"@swc/core@^1.3.30":
  version "1.3.35"
  resolved "https://npm.iranrepo.ir/api/npm/npm-all/@swc/core/-/core-1.3.35.tgz#a96fa52651e56dc00af7b0b83750be33e151bfa8"
  integrity sha1-qW+lJlHlbcAK97C4N1C+M+FRv6g=
  optionalDependencies:
    "@swc/core-darwin-arm64" "1.3.35"
    "@swc/core-darwin-x64" "1.3.35"
    "@swc/core-linux-arm-gnueabihf" "1.3.35"
    "@swc/core-linux-arm64-gnu" "1.3.35"
    "@swc/core-linux-arm64-musl" "1.3.35"
    "@swc/core-linux-x64-gnu" "1.3.35"
    "@swc/core-linux-x64-musl" "1.3.35"
    "@swc/core-win32-arm64-msvc" "1.3.35"
    "@swc/core-win32-ia32-msvc" "1.3.35"
    "@swc/core-win32-x64-msvc" "1.3.35"

"@types/prop-types@*":
  version "15.7.5"
  resolved "https://npm.iranrepo.ir/api/npm/npm-all/@types/prop-types/-/prop-types-15.7.5.tgz#5f19d2b85a98e9558036f6a3cacc8819420f05cf"
  integrity sha1-XxnSuFqY6VWANvajysyIGUIPBc8=

"@types/react-dom@^18.0.10":
  version "18.0.10"
  resolved "https://npm.iranrepo.ir/api/npm/npm-all/@types/react-dom/-/react-dom-18.0.10.tgz#3b66dec56aa0f16a6cc26da9e9ca96c35c0b4352"
  integrity sha1-O2bexWqg8Wpswm2p6cqWw1wLQ1I=
  dependencies:
    "@types/react" "*"

"@types/react@*", "@types/react@^18.0.27":
  version "18.0.27"
  resolved "https://npm.iranrepo.ir/api/npm/npm-all/@types/react/-/react-18.0.27.tgz#d9425abe187a00f8a5ec182b010d4fd9da703b71"
  integrity sha1-2UJavhh6APil7BgrAQ1P2dpwO3E=
  dependencies:
    "@types/prop-types" "*"
    "@types/scheduler" "*"
    csstype "^3.0.2"

"@types/scheduler@*":
  version "0.16.2"
  resolved "https://npm.iranrepo.ir/api/npm/npm-all/@types/scheduler/-/scheduler-0.16.2.tgz#1a62f89525723dde24ba1b01b092bf5df8ad4d39"
  integrity sha1-GmL4lSVyPd4kuhsBsJK/XfitTTk=

"@vitejs/plugin-react-swc@^3.0.0":
  version "3.1.0"
  resolved "https://npm.iranrepo.ir/api/npm/npm-all/@vitejs/plugin-react-swc/-/plugin-react-swc-3.1.0.tgz#bbf503223b496ee148c231948ff35ebb339bf225"
  integrity sha1-u/UDIjtJbuFIwjGUj/NeuzOb8iU=
  dependencies:
    "@swc/core" "^1.3.30"

csstype@^3.0.2:
  version "3.1.1"
  resolved "https://npm.iranrepo.ir/api/npm/npm-all/csstype/-/csstype-3.1.1.tgz#841b532c45c758ee546a11d5bd7b7b473c8c30b9"
  integrity sha1-hBtTLEXHWO5UahHVvXt7RzyMMLk=

esbuild@^0.16.14:
  version "0.16.17"
  resolved "https://npm.iranrepo.ir/api/npm/npm-all/esbuild/-/esbuild-0.16.17.tgz#fc2c3914c57ee750635fee71b89f615f25065259"
  integrity sha1-/Cw5FMV+51BjX+5xuJ9hXyUGUlk=
  optionalDependencies:
    "@esbuild/android-arm" "0.16.17"
    "@esbuild/android-arm64" "0.16.17"
    "@esbuild/android-x64" "0.16.17"
    "@esbuild/darwin-arm64" "0.16.17"
    "@esbuild/darwin-x64" "0.16.17"
    "@esbuild/freebsd-arm64" "0.16.17"
    "@esbuild/freebsd-x64" "0.16.17"
    "@esbuild/linux-arm" "0.16.17"
    "@esbuild/linux-arm64" "0.16.17"
    "@esbuild/linux-ia32" "0.16.17"
    "@esbuild/linux-loong64" "0.16.17"
    "@esbuild/linux-mips64el" "0.16.17"
    "@esbuild/linux-ppc64" "0.16.17"
    "@esbuild/linux-riscv64" "0.16.17"
    "@esbuild/linux-s390x" "0.16.17"
    "@esbuild/linux-x64" "0.16.17"
    "@esbuild/netbsd-x64" "0.16.17"
    "@esbuild/openbsd-x64" "0.16.17"
    "@esbuild/sunos-x64" "0.16.17"
    "@esbuild/win32-arm64" "0.16.17"
    "@esbuild/win32-ia32" "0.16.17"
    "@esbuild/win32-x64" "0.16.17"

fsevents@~2.3.2:
  version "2.3.2"
  resolved "https://npm.iranrepo.ir/api/npm/npm-all/fsevents/-/fsevents-2.3.2.tgz#8a526f78b8fdf4623b709e0b975c52c24c02fd1a"
  integrity sha1-ilJveLj99GI7cJ4Ll1xSwkwC/Ro=

function-bind@^1.1.1:
  version "1.1.1"
  resolved "https://npm.iranrepo.ir/api/npm/npm-all/function-bind/-/function-bind-1.1.1.tgz#a56899d3ea3c9bab874bb9773b7c5ede92f4895d"
  integrity sha1-pWiZ0+o8m6uHS7l3O3xe3pL0iV0=

has@^1.0.3:
  version "1.0.3"
  resolved "https://npm.iranrepo.ir/api/npm/npm-all/has/-/has-1.0.3.tgz#722d7cbfc1f6aa8241f16dd814e011e1f41e8796"
  integrity sha1-ci18v8H2qoJB8W3YFOAR4fQeh5Y=
  dependencies:
    function-bind "^1.1.1"

is-core-module@^2.9.0:
  version "2.11.0"
  resolved "https://npm.iranrepo.ir/api/npm/npm-all/is-core-module/-/is-core-module-2.11.0.tgz#ad4cb3e3863e814523c96f3f58d26cc570ff0144"
  integrity sha1-rUyz44Y+gUUjyW8/WNJsxXD/AUQ=
  dependencies:
    has "^1.0.3"

"js-tokens@^3.0.0 || ^4.0.0":
  version "4.0.0"
  resolved "https://npm.iranrepo.ir/api/npm/npm-all/js-tokens/-/js-tokens-4.0.0.tgz#19203fb59991df98e3a287050d4647cdeaf32499"
  integrity sha1-GSA/tZmR35jjoocFDUZHzerzJJk=

loose-envify@^1.1.0:
  version "1.4.0"
  resolved "https://npm.iranrepo.ir/api/npm/npm-all/loose-envify/-/loose-envify-1.4.0.tgz#71ee51fa7be4caec1a63839f7e682d8132d30caf"
  integrity sha1-ce5R+nvkyuwaY4OffmgtgTLTDK8=
  dependencies:
    js-tokens "^3.0.0 || ^4.0.0"

nanoid@^3.3.4:
  version "3.3.4"
  resolved "https://npm.iranrepo.ir/api/npm/npm-all/nanoid/-/nanoid-3.3.4.tgz#730b67e3cd09e2deacf03c027c81c9d9dbc5e8ab"
  integrity sha1-cwtn480J4t6s8DwCfIHJ2dvF6Ks=

path-parse@^1.0.7:
  version "1.0.7"
  resolved "https://npm.iranrepo.ir/api/npm/npm-all/path-parse/-/path-parse-1.0.7.tgz#fbc114b60ca42b30d9daf5858e4bd68bbedb6735"
  integrity sha1-+8EUtgykKzDZ2vWFjkvWi77bZzU=

picocolors@^1.0.0:
  version "1.0.0"
  resolved "https://npm.iranrepo.ir/api/npm/npm-all/picocolors/-/picocolors-1.0.0.tgz#cb5bdc74ff3f51892236eaf79d68bc44564ab81c"
  integrity sha1-y1vcdP8/UYkiNur3nWi8RFZKuBw=

postcss@^8.4.21:
  version "8.4.21"
  resolved "https://npm.iranrepo.ir/api/npm/npm-all/postcss/-/postcss-8.4.21.tgz#c639b719a57efc3187b13a1d765675485f4134f4"
  integrity sha1-xjm3GaV+/DGHsToddlZ1SF9BNPQ=
  dependencies:
    nanoid "^3.3.4"
    picocolors "^1.0.0"
    source-map-js "^1.0.2"

react-dom@^18.2.0:
  version "18.2.0"
  resolved "https://npm.iranrepo.ir/api/npm/npm-all/react-dom/-/react-dom-18.2.0.tgz#22aaf38708db2674ed9ada224ca4aa708d821e3d"
  integrity sha1-IqrzhwjbJnTtmtoiTKSqcI2CHj0=
  dependencies:
    loose-envify "^1.1.0"
    scheduler "^0.23.0"

react@^18.2.0:
  version "18.2.0"
  resolved "https://npm.iranrepo.ir/api/npm/npm-all/react/-/react-18.2.0.tgz#555bd98592883255fa00de14f1151a917b5d77d5"
  integrity sha1-VVvZhZKIMlX6AN4U8RUakXtdd9U=
  dependencies:
    loose-envify "^1.1.0"

resolve@^1.22.1:
  version "1.22.1"
  resolved "https://npm.iranrepo.ir/api/npm/npm-all/resolve/-/resolve-1.22.1.tgz#27cb2ebb53f91abb49470a928bba7558066ac177"
  integrity sha1-J8suu1P5GrtJRwqSi7p1WAZqwXc=
  dependencies:
    is-core-module "^2.9.0"
    path-parse "^1.0.7"
    supports-preserve-symlinks-flag "^1.0.0"

rollup@^3.10.0:
  version "3.15.0"
  resolved "https://npm.iranrepo.ir/api/npm/npm-all/rollup/-/rollup-3.15.0.tgz#6f4105e8c4b8145229657b74ad660b02fbfacc05"
  integrity sha1-b0EF6MS4FFIpZXt0rWYLAvv6zAU=
  optionalDependencies:
    fsevents "~2.3.2"

scheduler@^0.23.0:
  version "0.23.0"
  resolved "https://npm.iranrepo.ir/api/npm/npm-all/scheduler/-/scheduler-0.23.0.tgz#ba8041afc3d30eb206a487b6b384002e4e61fdfe"
  integrity sha1-uoBBr8PTDrIGpIe2s4QALk5h/f4=
  dependencies:
    loose-envify "^1.1.0"

source-map-js@^1.0.2:
  version "1.0.2"
  resolved "https://npm.iranrepo.ir/api/npm/npm-all/source-map-js/-/source-map-js-1.0.2.tgz#adbc361d9c62df380125e7f161f71c826f1e490c"
  integrity sha1-rbw2HZxi3zgBJefxYfccgm8eSQw=

supports-preserve-symlinks-flag@^1.0.0:
  version "1.0.0"
  resolved "https://npm.iranrepo.ir/api/npm/npm-all/supports-preserve-symlinks-flag/-/supports-preserve-symlinks-flag-1.0.0.tgz#6eda4bd344a3c94aea376d4cc31bc77311039e09"
  integrity sha1-btpL00SjyUrqN21MwxvHcxEDngk=

typescript@^4.9.3:
  version "4.9.5"
  resolved "https://npm.iranrepo.ir/api/npm/npm-all/typescript/-/typescript-4.9.5.tgz#095979f9bcc0d09da324d58d03ce8f8374cbe65a"
  integrity sha1-CVl5+bzA0J2jJNWNA86Pg3TL5lo=

vite@^4.1.0:
  version "4.1.1"
  resolved "https://npm.iranrepo.ir/api/npm/npm-all/vite/-/vite-4.1.1.tgz#3b18b81a4e85ce3df5cbdbf4c687d93ebf402e6b"
  integrity sha1-Oxi4Gk6Fzj31y9v0xofZPr9ALms=
  dependencies:
    esbuild "^0.16.14"
    postcss "^8.4.21"
    resolve "^1.22.1"
    rollup "^3.10.0"
  optionalDependencies:
    fsevents "~2.3.2"
